
Microsoft Visual Studio Solution File, Format Version 12.00
# Visual Studio Version 16
VisualStudioVersion = 16.0.30320.27
MinimumVisualStudioVersion = 10.0.40219.1
Project("{9A19103F-16F7-4668-BE54-9A1E7A4F7556}") = "ClinicEntitiesLib", "ClinicEntitiesLib\ClinicEntitiesLib.csproj", "{0D467622-6ED0-4E61-AD2B-A02E477E5259}"
EndProject
Project("{9A19103F-16F7-4668-BE54-9A1E7A4F7556}") = "ClinicContextLib", "ClinicContextLib\ClinicContextLib.csproj", "{860FD2EC-A27E-45B4-AF9F-96E5E7E31AFD}"
EndProject
Project("{FAE04EC0-301F-11D3-BF4B-00C04F79EFBC}") = "ClinicWeb", "ClinicWeb\ClinicWeb.csproj", "{515362BD-358D-48B1-B988-87A40926AD69}"
EndProject
Global
	GlobalSection(SolutionConfigurationPlatforms) = preSolution
		Debug|Any CPU = Debug|Any CPU
		Release|Any CPU = Release|Any CPU
	EndGlobalSection
	GlobalSection(ProjectConfigurationPlatforms) = postSolution
		{0D467622-6ED0-4E61-AD2B-A02E477E5259}.Debug|Any CPU.ActiveCfg = Debug|Any CPU
		{0D467622-6ED0-4E61-AD2B-A02E477E5259}.Debug|Any CPU.Build.0 = Debug|Any CPU
		{0D467622-6ED0-4E61-AD2B-A02E477E5259}.Release|Any CPU.ActiveCfg = Release|Any CPU
		{0D467622-6ED0-4E61-AD2B-A02E477E5259}.Release|Any CPU.Build.0 = Release|Any CPU
		{860FD2EC-A27E-45B4-AF9F-96E5E7E31AFD}.Debug|Any CPU.ActiveCfg = Debug|Any CPU
		{860FD2EC-A27E-45B4-AF9F-96E5E7E31AFD}.Debug|Any CPU.Build.0 = Debug|Any CPU
		{860FD2EC-A27E-45B4-AF9F-96E5E7E31AFD}.Release|Any CPU.ActiveCfg = Release|Any CPU
		{860FD2EC-A27E-45B4-AF9F-96E5E7E31AFD}.Release|Any CPU.Build.0 = Release|Any CPU
		{515362BD-358D-48B1-B988-87A40926AD69}.Debug|Any CPU.ActiveCfg = Debug|Any CPU
		{515362BD-358D-48B1-B988-87A40926AD69}.Debug|Any CPU.Build.0 = Debug|Any CPU
		{515362BD-358D-48B1-B988-87A40926AD69}.Release|Any CPU.ActiveCfg = Release|Any CPU
		{515362BD-358D-48B1-B988-87A40926AD69}.Release|Any CPU.Build.0 = Release|Any CPU
	EndGlobalSection
	GlobalSection(SolutionProperties) = preSolution
		HideSolutionNode = FALSE
	EndGlobalSection
	GlobalSection(ExtensibilityGlobals) = postSolution
		SolutionGuid = {7854A29C-AEAC-4505-9CEE-988032486323}
	EndGlobalSection
EndGlobal
